
Microsoft Visual Studio Solution File, Format Version 12.00
# Visual Studio 14
VisualStudioVersion = 14.0.25420.1
MinimumVisualStudioVersion = 10.0.40219.1
Project("{2150E333-8FDC-42A3-9474-1A3956D46DE8}") = "Data", "Data", "{3785C9C1-807C-44B0-9198-38585EA964F3}"
EndProject
Project("{FAE04EC0-301F-11D3-BF4B-00C04F79EFBC}") = "ReadingClub.Data.Models", "Data\ReadingClub.Data.Models\ReadingClub.Data.Models.csproj", "{6E7C389A-E8A7-459D-8CA3-BE936AFC6222}"
EndProject
Project("{FAE04EC0-301F-11D3-BF4B-00C04F79EFBC}") = "ReadingClub.Data.Common", "Data\ReadingClub.Data.Common\ReadingClub.Data.Common.csproj", "{DEFC2B6F-DEB6-459A-9B7D-16A8957FA8A5}"
EndProject
Project("{FAE04EC0-301F-11D3-BF4B-00C04F79EFBC}") = "ReadingClub.Data", "Data\ReadingClub.Data\ReadingClub.Data.csproj", "{FE059AD2-BBD0-4764-8872-56B94FC6750F}"
EndProject
Project("{2150E333-8FDC-42A3-9474-1A3956D46DE8}") = "Web", "Web", "{9EC26AB4-902D-41A9-84F6-3D80B631494C}"
EndProject
Project("{FAE04EC0-301F-11D3-BF4B-00C04F79EFBC}") = "ReadingClub.Web", "ReadingClub.Web\ReadingClub.Web.csproj", "{1116DE4B-534B-4E1F-BE68-4D7E4C21CDF1}"
EndProject
Project("{2150E333-8FDC-42A3-9474-1A3956D46DE8}") = "Services", "Services", "{CD502845-44DF-4F33-B925-7B2062E205E4}"
EndProject
Project("{FAE04EC0-301F-11D3-BF4B-00C04F79EFBC}") = "ReadingClub.Common", "ReadingClub.Common\ReadingClub.Common.csproj", "{400E9783-DE9B-4B66-BC38-D2B7865C2EC1}"
EndProject
Project("{FAE04EC0-301F-11D3-BF4B-00C04F79EFBC}") = "ReadingClub.Web.Infrastructure", "ReadingClub.Web.Infrastructure\ReadingClub.Web.Infrastructure.csproj", "{CA2C2188-E37B-44F3-A339-65C4B955C1B8}"
EndProject
Project("{FAE04EC0-301F-11D3-BF4B-00C04F79EFBC}") = "ReadingClub.Services.Data", "Services\ReadingClub.Services.Data\ReadingClub.Services.Data.csproj", "{3FE56AFD-9DFD-471E-AC81-1B70294AA18B}"
EndProject
Project("{FAE04EC0-301F-11D3-BF4B-00C04F79EFBC}") = "ReadingClub.Services.Web", "Services\ReadingClub.Services.Web\ReadingClub.Services.Web.csproj", "{C6F6A37B-FB1F-4FCF-9F7A-DFE40B3706B1}"
EndProject
Global
	GlobalSection(SolutionConfigurationPlatforms) = preSolution
		Debug|Any CPU = Debug|Any CPU
		Release|Any CPU = Release|Any CPU
	EndGlobalSection
	GlobalSection(ProjectConfigurationPlatforms) = postSolution
		{6E7C389A-E8A7-459D-8CA3-BE936AFC6222}.Debug|Any CPU.ActiveCfg = Debug|Any CPU
		{6E7C389A-E8A7-459D-8CA3-BE936AFC6222}.Debug|Any CPU.Build.0 = Debug|Any CPU
		{6E7C389A-E8A7-459D-8CA3-BE936AFC6222}.Release|Any CPU.ActiveCfg = Release|Any CPU
		{6E7C389A-E8A7-459D-8CA3-BE936AFC6222}.Release|Any CPU.Build.0 = Release|Any CPU
		{DEFC2B6F-DEB6-459A-9B7D-16A8957FA8A5}.Debug|Any CPU.ActiveCfg = Debug|Any CPU
		{DEFC2B6F-DEB6-459A-9B7D-16A8957FA8A5}.Debug|Any CPU.Build.0 = Debug|Any CPU
		{DEFC2B6F-DEB6-459A-9B7D-16A8957FA8A5}.Release|Any CPU.ActiveCfg = Release|Any CPU
		{DEFC2B6F-DEB6-459A-9B7D-16A8957FA8A5}.Release|Any CPU.Build.0 = Release|Any CPU
		{FE059AD2-BBD0-4764-8872-56B94FC6750F}.Debug|Any CPU.ActiveCfg = Debug|Any CPU
		{FE059AD2-BBD0-4764-8872-56B94FC6750F}.Debug|Any CPU.Build.0 = Debug|Any CPU
		{FE059AD2-BBD0-4764-8872-56B94FC6750F}.Release|Any CPU.ActiveCfg = Release|Any CPU
		{FE059AD2-BBD0-4764-8872-56B94FC6750F}.Release|Any CPU.Build.0 = Release|Any CPU
		{1116DE4B-534B-4E1F-BE68-4D7E4C21CDF1}.Debug|Any CPU.ActiveCfg = Debug|Any CPU
		{1116DE4B-534B-4E1F-BE68-4D7E4C21CDF1}.Debug|Any CPU.Build.0 = Debug|Any CPU
		{1116DE4B-534B-4E1F-BE68-4D7E4C21CDF1}.Release|Any CPU.ActiveCfg = Release|Any CPU
		{1116DE4B-534B-4E1F-BE68-4D7E4C21CDF1}.Release|Any CPU.Build.0 = Release|Any CPU
		{400E9783-DE9B-4B66-BC38-D2B7865C2EC1}.Debug|Any CPU.ActiveCfg = Debug|Any CPU
		{400E9783-DE9B-4B66-BC38-D2B7865C2EC1}.Debug|Any CPU.Build.0 = Debug|Any CPU
		{400E9783-DE9B-4B66-BC38-D2B7865C2EC1}.Release|Any CPU.ActiveCfg = Release|Any CPU
		{400E9783-DE9B-4B66-BC38-D2B7865C2EC1}.Release|Any CPU.Build.0 = Release|Any CPU
		{CA2C2188-E37B-44F3-A339-65C4B955C1B8}.Debug|Any CPU.ActiveCfg = Debug|Any CPU
		{CA2C2188-E37B-44F3-A339-65C4B955C1B8}.Debug|Any CPU.Build.0 = Debug|Any CPU
		{CA2C2188-E37B-44F3-A339-65C4B955C1B8}.Release|Any CPU.ActiveCfg = Release|Any CPU
		{CA2C2188-E37B-44F3-A339-65C4B955C1B8}.Release|Any CPU.Build.0 = Release|Any CPU
		{3FE56AFD-9DFD-471E-AC81-1B70294AA18B}.Debug|Any CPU.ActiveCfg = Debug|Any CPU
		{3FE56AFD-9DFD-471E-AC81-1B70294AA18B}.Debug|Any CPU.Build.0 = Debug|Any CPU
		{3FE56AFD-9DFD-471E-AC81-1B70294AA18B}.Release|Any CPU.ActiveCfg = Release|Any CPU
		{3FE56AFD-9DFD-471E-AC81-1B70294AA18B}.Release|Any CPU.Build.0 = Release|Any CPU
		{C6F6A37B-FB1F-4FCF-9F7A-DFE40B3706B1}.Debug|Any CPU.ActiveCfg = Debug|Any CPU
		{C6F6A37B-FB1F-4FCF-9F7A-DFE40B3706B1}.Debug|Any CPU.Build.0 = Debug|Any CPU
		{C6F6A37B-FB1F-4FCF-9F7A-DFE40B3706B1}.Release|Any CPU.ActiveCfg = Release|Any CPU
		{C6F6A37B-FB1F-4FCF-9F7A-DFE40B3706B1}.Release|Any CPU.Build.0 = Release|Any CPU
	EndGlobalSection
	GlobalSection(SolutionProperties) = preSolution
		HideSolutionNode = FALSE
	EndGlobalSection
	GlobalSection(NestedProjects) = preSolution
		{6E7C389A-E8A7-459D-8CA3-BE936AFC6222} = {3785C9C1-807C-44B0-9198-38585EA964F3}
		{DEFC2B6F-DEB6-459A-9B7D-16A8957FA8A5} = {3785C9C1-807C-44B0-9198-38585EA964F3}
		{FE059AD2-BBD0-4764-8872-56B94FC6750F} = {3785C9C1-807C-44B0-9198-38585EA964F3}
		{1116DE4B-534B-4E1F-BE68-4D7E4C21CDF1} = {9EC26AB4-902D-41A9-84F6-3D80B631494C}
		{CA2C2188-E37B-44F3-A339-65C4B955C1B8} = {9EC26AB4-902D-41A9-84F6-3D80B631494C}
		{3FE56AFD-9DFD-471E-AC81-1B70294AA18B} = {CD502845-44DF-4F33-B925-7B2062E205E4}
		{C6F6A37B-FB1F-4FCF-9F7A-DFE40B3706B1} = {CD502845-44DF-4F33-B925-7B2062E205E4}
	EndGlobalSection
EndGlobal
